
Microsoft Visual Studio Solution File, Format Version 12.00
# Visual Studio Version 16
VisualStudioVersion = 16.0.31205.134
MinimumVisualStudioVersion = 10.0.40219.1
Project("{FAE04EC0-301F-11D3-BF4B-00C04F79EFBC}") = "Alstair", "Alstair.csproj", "{08834AF7-26F6-43EA-975B-4FB59A77B527}"
EndProject
Global
	GlobalSection(SolutionConfigurationPlatforms) = preSolution
		Debug|Any CPU = Debug|Any CPU
		Release|Any CPU = Release|Any CPU
	EndGlobalSection
	GlobalSection(ProjectConfigurationPlatforms) = postSolution
		{08834AF7-26F6-43EA-975B-4FB59A77B527}.Debug|Any CPU.ActiveCfg = Debug|Any CPU
		{08834AF7-26F6-43EA-975B-4FB59A77B527}.Debug|Any CPU.Build.0 = Debug|Any CPU
		{08834AF7-26F6-43EA-975B-4FB59A77B527}.Release|Any CPU.ActiveCfg = Release|Any CPU
		{08834AF7-26F6-43EA-975B-4FB59A77B527}.Release|Any CPU.Build.0 = Release|Any CPU
	EndGlobalSection
	GlobalSection(SolutionProperties) = preSolution
		HideSolutionNode = FALSE
	EndGlobalSection
	GlobalSection(ExtensibilityGlobals) = postSolution
		SolutionGuid = {D7883B34-2722-4F97-BF62-DC9534B8E5BE}
	EndGlobalSection
EndGlobal
